// !$*UTF8*$!
{
	archiveVersion = 1;
	classes = {
	};
	objectVersion = 50;
	objects = {

/* Begin PBXBuildFile section */
		392D163323808EDB00FA3A62 /* AppDelegate.swift in Sources */ = {isa = PBXBuildFile; fileRef = 392D163223808EDB00FA3A62 /* AppDelegate.swift */; };
		392D163523808EDB00FA3A62 /* SceneDelegate.swift in Sources */ = {isa = PBXBuildFile; fileRef = 392D163423808EDB00FA3A62 /* SceneDelegate.swift */; };
		392D163723808EDB00FA3A62 /* ContentView.swift in Sources */ = {isa = PBXBuildFile; fileRef = 392D163623808EDB00FA3A62 /* ContentView.swift */; };
		392D163923808EDC00FA3A62 /* Assets.xcassets in Resources */ = {isa = PBXBuildFile; fileRef = 392D163823808EDC00FA3A62 /* Assets.xcassets */; };
		392D163C23808EDC00FA3A62 /* Preview Assets.xcassets in Resources */ = {isa = PBXBuildFile; fileRef = 392D163B23808EDC00FA3A62 /* Preview Assets.xcassets */; };
		392D163F23808EDC00FA3A62 /* LaunchScreen.storyboard in Resources */ = {isa = PBXBuildFile; fileRef = 392D163D23808EDC00FA3A62 /* LaunchScreen.storyboard */; };
/* End PBXBuildFile section */

/* Begin PBXFileReference section */
		392D162F23808EDB00FA3A62 /* bitrise io.app */ = {isa = PBXFileReference; explicitFileType = wrapper.application; includeInIndex = 0; path = "bitrise io.app"; sourceTree = BUILT_PRODUCTS_DIR; };
		392D163223808EDB00FA3A62 /* AppDelegate.swift */ = {isa = PBXFileReference; lastKnownFileType = sourcecode.swift; path = AppDelegate.swift; sourceTree = "<group>"; };
		392D163423808EDB00FA3A62 /* SceneDelegate.swift */ = {isa = PBXFileReference; lastKnownFileType = sourcecode.swift; path = SceneDelegate.swift; sourceTree = "<group>"; };
		392D163623808EDB00FA3A62 /* ContentView.swift */ = {isa = PBXFileReference; lastKnownFileType = sourcecode.swift; path = ContentView.swift; sourceTree = "<group>"; };
		392D163823808EDC00FA3A62 /* Assets.xcassets */ = {isa = PBXFileReference; lastKnownFileType = folder.assetcatalog; path = Assets.xcassets; sourceTree = "<group>"; };
		392D163B23808EDC00FA3A62 /* Preview Assets.xcassets */ = {isa = PBXFileReference; lastKnownFileType = folder.assetcatalog; path = "Preview Assets.xcassets"; sourceTree = "<group>"; };
		392D163E23808EDC00FA3A62 /* Base */ = {isa = PBXFileReference; lastKnownFileType = file.storyboard; name = Base; path = Base.lproj/LaunchScreen.storyboard; sourceTree = "<group>"; };
		392D164023808EDC00FA3A62 /* Info.plist */ = {isa = PBXFileReference; lastKnownFileType = text.plist.xml; path = Info.plist; sourceTree = "<group>"; };
/* End PBXFileReference section */

/* Begin PBXFrameworksBuildPhase section */
		392D162C23808EDB00FA3A62 /* Frameworks */ = {
			isa = PBXFrameworksBuildPhase;
			buildActionMask = 2147483647;
			files = (
			);
			runOnlyForDeploymentPostprocessing = 0;
		};
/* End PBXFrameworksBuildPhase section */

/* Begin PBXGroup section */
		392D162623808EDB00FA3A62 = {
			isa = PBXGroup;
			children = (
				392D163123808EDB00FA3A62 /* bitrise io */,
				392D163023808EDB00FA3A62 /* Products */,
			);
			sourceTree = "<group>";
		};
		392D163023808EDB00FA3A62 /* Products */ = {
			isa = PBXGroup;
			children = (
				392D162F23808EDB00FA3A62 /* bitrise io.app */,
			);
			name = Products;
			sourceTree = "<group>";
		};
		392D163123808EDB00FA3A62 /* bitrise io */ = {
			isa = PBXGroup;
			children = (
				392D163223808EDB00FA3A62 /* AppDelegate.swift */,
				392D163423808EDB00FA3A62 /* SceneDelegate.swift */,
				392D163623808EDB00FA3A62 /* ContentView.swift */,
				392D163823808EDC00FA3A62 /* Assets.xcassets */,
				392D163D23808EDC00FA3A62 /* LaunchScreen.storyboard */,
				392D164023808EDC00FA3A62 /* Info.plist */,
				392D163A23808EDC00FA3A62 /* Preview Content */,
			);
			path = "bitrise io";
			sourceTree = "<group>";
		};
		392D163A23808EDC00FA3A62 /* Preview Content */ = {
			isa = PBXGroup;
			children = (
				392D163B23808EDC00FA3A62 /* Preview Assets.xcassets */,
			);
			path = "Preview Content";
			sourceTree = "<group>";
		};
/* End PBXGroup section */

/* Begin PBXNativeTarget section */
		392D162E23808EDB00FA3A62 /* bitrise io */ = {
			isa = PBXNativeTarget;
			buildConfigurationList = 392D164323808EDC00FA3A62 /* Build configuration list for PBXNativeTarget "bitrise io" */;
			buildPhases = (
				392D162B23808EDB00FA3A62 /* Sources */,
				392D162C23808EDB00FA3A62 /* Frameworks */,
				392D162D23808EDB00FA3A62 /* Resources */,
			);
			buildRules = (
			);
			dependencies = (
			);
			name = "bitrise io";
			productName = "bitrise io";
			productReference = 392D162F23808EDB00FA3A62 /* bitrise io.app */;
			productType = "com.apple.product-type.application";
		};
/* End PBXNativeTarget section */

/* Begin PBXProject section */
		392D162723808EDB00FA3A62 /* Project object */ = {
			isa = PBXProject;
			attributes = {
				LastSwiftUpdateCheck = 1120;
				LastUpgradeCheck = 1120;
				ORGANIZATIONNAME = komoot;
				TargetAttributes = {
					392D162E23808EDB00FA3A62 = {
						CreatedOnToolsVersion = 11.2.1;
					};
				};
			};
			buildConfigurationList = 392D162A23808EDB00FA3A62 /* Build configuration list for PBXProject "bitrise io" */;
			compatibilityVersion = "Xcode 9.3";
			developmentRegion = en;
			hasScannedForEncodings = 0;
			knownRegions = (
				en,
				Base,
			);
			mainGroup = 392D162623808EDB00FA3A62;
			productRefGroup = 392D163023808EDB00FA3A62 /* Products */;
			projectDirPath = "";
			projectRoot = "";
			targets = (
				392D162E23808EDB00FA3A62 /* bitrise io */,
			);
		};
/* End PBXProject section */

/* Begin PBXResourcesBuildPhase section */
		392D162D23808EDB00FA3A62 /* Resources */ = {
			isa = PBXResourcesBuildPhase;
			buildActionMask = 2147483647;
			files = (
				392D163F23808EDC00FA3A62 /* LaunchScreen.storyboard in Resources */,
				392D163C23808EDC00FA3A62 /* Preview Assets.xcassets in Resources */,
				392D163923808EDC00FA3A62 /* Assets.xcassets in Resources */,
			);
			runOnlyForDeploymentPostprocessing = 0;
		};
/* End PBXResourcesBuildPhase section */

/* Begin PBXSourcesBuildPhase section */
		392D162B23808EDB00FA3A62 /* Sources */ = {
			isa = PBXSourcesBuildPhase;
			buildActionMask = 2147483647;
			files = (
				392D163323808EDB00FA3A62 /* AppDelegate.swift in Sources */,
				392D163523808EDB00FA3A62 /* SceneDelegate.swift in Sources */,
				392D163723808EDB00FA3A62 /* ContentView.swift in Sources */,
			);
			runOnlyForDeploymentPostprocessing = 0;
		};
/* End PBXSourcesBuildPhase section */

/* Begin PBXVariantGroup section */
		392D163D23808EDC00FA3A62 /* LaunchScreen.storyboard */ = {
			isa = PBXVariantGroup;
			children = (
				392D163E23808EDC00FA3A62 /* Base */,
			);
			name = LaunchScreen.storyboard;
			sourceTree = "<group>";
		};
/* End PBXVariantGroup section */

/* Begin XCBuildConfiguration section */
		392D164123808EDC00FA3A62 /* Debug */ = {
			isa = XCBuildConfiguration;
			buildSettings = {
				ALWAYS_SEARCH_USER_PATHS = NO;
				CLANG_ANALYZER_NONNULL = YES;
				CLANG_ANALYZER_NUMBER_OBJECT_CONVERSION = YES_AGGRESSIVE;
				CLANG_CXX_LANGUAGE_STANDARD = "gnu++14";
				CLANG_CXX_LIBRARY = "libc++";
				CLANG_ENABLE_MODULES = YES;
				CLANG_ENABLE_OBJC_ARC = YES;
				CLANG_ENABLE_OBJC_WEAK = YES;
				CLANG_WARN_BLOCK_CAPTURE_AUTORELEASING = YES;
				CLANG_WARN_BOOL_CONVERSION = YES;
				CLANG_WARN_COMMA = YES;
				CLANG_WARN_CONSTANT_CONVERSION = YES;
				CLANG_WARN_DEPRECATED_OBJC_IMPLEMENTATIONS = YES;
				CLANG_WARN_DIRECT_OBJC_ISA_USAGE = YES_ERROR;
				CLANG_WARN_DOCUMENTATION_COMMENTS = YES;
				CLANG_WARN_EMPTY_BODY = YES;
				CLANG_WARN_ENUM_CONVERSION = YES;
				CLANG_WARN_INFINITE_RECURSION = YES;
				CLANG_WARN_INT_CONVERSION = YES;
				CLANG_WARN_NON_LITERAL_NULL_CONVERSION = YES;
				CLANG_WARN_OBJC_IMPLICIT_RETAIN_SELF = YES;
				CLANG_WARN_OBJC_LITERAL_CONVERSION = YES;
				CLANG_WARN_OBJC_ROOT_CLASS = YES_ERROR;
				CLANG_WARN_RANGE_LOOP_ANALYSIS = YES;
				CLANG_WARN_STRICT_PROTOTYPES = YES;
				CLANG_WARN_SUSPICIOUS_MOVE = YES;
				CLANG_WARN_UNGUARDED_AVAILABILITY = YES_AGGRESSIVE;
				CLANG_WARN_UNREACHABLE_CODE = YES;
				CLANG_WARN__DUPLICATE_METHOD_MATCH = YES;
				COPY_PHASE_STRIP = NO;
				DEBUG_INFORMATION_FORMAT = dwarf;
				ENABLE_STRICT_OBJC_MSGSEND = YES;
				ENABLE_TESTABILITY = YES;
				GCC_C_LANGUAGE_STANDARD = gnu11;
				GCC_DYNAMIC_NO_PIC = NO;
				GCC_NO_COMMON_BLOCKS = YES;
				GCC_OPTIMIZATION_LEVEL = 0;
				GCC_PREPROCESSOR_DEFINITIONS = (
					"DEBUG=1",
					"$(inherited)",
				);
				GCC_WARN_64_TO_32_BIT_CONVERSION = YES;
				GCC_WARN_ABOUT_RETURN_TYPE = YES_ERROR;
				GCC_WARN_UNDECLARED_SELECTOR = YES;
				GCC_WARN_UNINITIALIZED_AUTOS = YES_AGGRESSIVE;
				GCC_WARN_UNUSED_FUNCTION = YES;
				GCC_WARN_UNUSED_VARIABLE = YES;
				IPHONEOS_DEPLOYMENT_TARGET = 13.2;
				MTL_ENABLE_DEBUG_INFO = INCLUDE_SOURCE;
				MTL_FAST_MATH = YES;
				ONLY_ACTIVE_ARCH = YES;
				SDKROOT = iphoneos;
				SWIFT_ACTIVE_COMPILATION_CONDITIONS = DEBUG;
				SWIFT_OPTIMIZATION_LEVEL = "-Onone";
			};
			name = Debug;
		};
		392D164223808EDC00FA3A62 /* Release */ = {
			isa = XCBuildConfiguration;
			buildSettings = {
				ALWAYS_SEARCH_USER_PATHS = NO;
				CLANG_ANALYZER_NONNULL = YES;
				CLANG_ANALYZER_NUMBER_OBJECT_CONVERSION = YES_AGGRESSIVE;
				CLANG_CXX_LANGUAGE_STANDARD = "gnu++14";
				CLANG_CXX_LIBRARY = "libc++";
				CLANG_ENABLE_MODULES = YES;
				CLANG_ENABLE_OBJC_ARC = YES;
				CLANG_ENABLE_OBJC_WEAK = YES;
				CLANG_WARN_BLOCK_CAPTURE_AUTORELEASING = YES;
				CLANG_WARN_BOOL_CONVERSION = YES;
				CLANG_WARN_COMMA = YES;
				CLANG_WARN_CONSTANT_CONVERSION = YES;
				CLANG_WARN_DEPRECATED_OBJC_IMPLEMENTATIONS = YES;
				CLANG_WARN_DIRECT_OBJC_ISA_USAGE = YES_ERROR;
				CLANG_WARN_DOCUMENTATION_COMMENTS = YES;
				CLANG_WARN_EMPTY_BODY = YES;
				CLANG_WARN_ENUM_CONVERSION = YES;
				CLANG_WARN_INFINITE_RECURSION = YES;
				CLANG_WARN_INT_CONVERSION = YES;
				CLANG_WARN_NON_LITERAL_NULL_CONVERSION = YES;
				CLANG_WARN_OBJC_IMPLICIT_RETAIN_SELF = YES;
				CLANG_WARN_OBJC_LITERAL_CONVERSION = YES;
				CLANG_WARN_OBJC_ROOT_CLASS = YES_ERROR;
				CLANG_WARN_RANGE_LOOP_ANALYSIS = YES;
				CLANG_WARN_STRICT_PROTOTYPES = YES;
				CLANG_WARN_SUSPICIOUS_MOVE = YES;
				CLANG_WARN_UNGUARDED_AVAILABILITY = YES_AGGRESSIVE;
				CLANG_WARN_UNREACHABLE_CODE = YES;
				CLANG_WARN__DUPLICATE_METHOD_MATCH = YES;
				COPY_PHASE_STRIP = NO;
				DEBUG_INFORMATION_FORMAT = "dwarf-with-dsym";
				ENABLE_NS_ASSERTIONS = NO;
				ENABLE_STRICT_OBJC_MSGSEND = YES;
				GCC_C_LANGUAGE_STANDARD = gnu11;
				GCC_NO_COMMON_BLOCKS = YES;
				GCC_WARN_64_TO_32_BIT_CONVERSION = YES;
				GCC_WARN_ABOUT_RETURN_TYPE = YES_ERROR;
				GCC_WARN_UNDECLARED_SELECTOR = YES;
				GCC_WARN_UNINITIALIZED_AUTOS = YES_AGGRESSIVE;
				GCC_WARN_UNUSED_FUNCTION = YES;
				GCC_WARN_UNUSED_VARIABLE = YES;
				IPHONEOS_DEPLOYMENT_TARGET = 13.2;
				MTL_ENABLE_DEBUG_INFO = NO;
				MTL_FAST_MATH = YES;
				SDKROOT = iphoneos;
				SWIFT_COMPILATION_MODE = wholemodule;
				SWIFT_OPTIMIZATION_LEVEL = "-O";
				VALIDATE_PRODUCT = YES;
			};
			name = Release;
		};
		392D164423808EDC00FA3A62 /* Debug */ = {
			isa = XCBuildConfiguration;
			buildSettings = {
				ASSETCATALOG_COMPILER_APPICON_NAME = AppIcon;
				CODE_SIGN_STYLE = Automatic;
				DEVELOPMENT_ASSET_PATHS = "\"bitrise io/Preview Content\"";
				DEVELOPMENT_TEAM = NH6V3UFD5A;
				ENABLE_PREVIEWS = YES;
				INFOPLIST_FILE = "bitrise io/Info.plist";
				LD_RUNPATH_SEARCH_PATHS = (
					"$(inherited)",
					"@executable_path/Frameworks",
				);
				PRODUCT_BUNDLE_IDENTIFIER = "de.komoot.bitrise-io";
				PRODUCT_NAME = "$(TARGET_NAME)";
				SWIFT_VERSION = 5.0;
				TARGETED_DEVICE_FAMILY = "1,2";
			};
			name = Debug;
		};
		392D164523808EDC00FA3A62 /* Release */ = {
			isa = XCBuildConfiguration;
			buildSettings = {
				ASSETCATALOG_COMPILER_APPICON_NAME = AppIcon;
				CODE_SIGN_STYLE = Automatic;
				DEVELOPMENT_ASSET_PATHS = "\"bitrise io/Preview Content\"";
				DEVELOPMENT_TEAM = NH6V3UFD5A;
				ENABLE_PREVIEWS = YES;
				INFOPLIST_FILE = "bitrise io/Info.plist";
				LD_RUNPATH_SEARCH_PATHS = (
					"$(inherited)",
					"@executable_path/Frameworks",
				);
				PRODUCT_BUNDLE_IDENTIFIER = "de.komoot.bitrise-io";
				PRODUCT_NAME = "$(TARGET_NAME)";
				SWIFT_VERSION = 5.0;
				TARGETED_DEVICE_FAMILY = "1,2";
			};
			name = Release;
		};
/* End XCBuildConfiguration section */

/* Begin XCConfigurationList section */
		392D162A23808EDB00FA3A62 /* Build configuration list for PBXProject "bitrise io" */ = {
			isa = XCConfigurationList;
			buildConfigurations = (
				392D164123808EDC00FA3A62 /* Debug */,
				392D164223808EDC00FA3A62 /* Release */,
			);
			defaultConfigurationIsVisible = 0;
			defaultConfigurationName = Release;
		};
		392D164323808EDC00FA3A62 /* Build configuration list for PBXNativeTarget "bitrise io" */ = {
			isa = XCConfigurationList;
			buildConfigurations = (
				392D164423808EDC00FA3A62 /* Debug */,
				392D164523808EDC00FA3A62 /* Release */,
			);
			defaultConfigurationIsVisible = 0;
			defaultConfigurationName = Release;
		};
/* End XCConfigurationList section */
	};
	rootObject = 392D162723808EDB00FA3A62 /* Project object */;
}
